
Microsoft Visual Studio Solution File, Format Version 12.00
# Visual Studio Version 17
VisualStudioVersion = 17.1.32104.313
MinimumVisualStudioVersion = 10.0.40219.1
Project("{FAE04EC0-301F-11D3-BF4B-00C04F79EFBC}") = "ConsoleApp1343", "ConsoleApp1343\ConsoleApp1343.csproj", "{4E1C9A0A-E67C-4DF5-AEBA-B9CE743AD8D5}"
EndProject
Global
	GlobalSection(SolutionConfigurationPlatforms) = preSolution
		Debug|Any CPU = Debug|Any CPU
		Release|Any CPU = Release|Any CPU
	EndGlobalSection
	GlobalSection(ProjectConfigurationPlatforms) = postSolution
		{4E1C9A0A-E67C-4DF5-AEBA-B9CE743AD8D5}.Debug|Any CPU.ActiveCfg = Debug|Any CPU
		{4E1C9A0A-E67C-4DF5-AEBA-B9CE743AD8D5}.Debug|Any CPU.Build.0 = Debug|Any CPU
		{4E1C9A0A-E67C-4DF5-AEBA-B9CE743AD8D5}.Release|Any CPU.ActiveCfg = Release|Any CPU
		{4E1C9A0A-E67C-4DF5-AEBA-B9CE743AD8D5}.Release|Any CPU.Build.0 = Release|Any CPU
	EndGlobalSection
	GlobalSection(SolutionProperties) = preSolution
		HideSolutionNode = FALSE
	EndGlobalSection
	GlobalSection(ExtensibilityGlobals) = postSolution
		SolutionGuid = {09022109-0E69-4F37-B894-B4E122491427}
	EndGlobalSection
EndGlobal
